github.com/go-openapi/ci-workflows/sample-monorepo v0.0.0-20260730015951-527ef3fa79d4 h1:hzJjuuc8hjyKjEimwBdwTx4zLG/+FHkDzIFYQuHw0VI=
github.com/go-openapi/ci-workflows/sample-monorepo v0.0.0-20260730015951-527ef3fa79d4/go.mod h1:H70Kb9h3wLxEDm/BRnPXEfbFzQ5vMuWnGcCh8g/RvBU=
github.com/go-openapi/testify/v2 v2.6.0 h1:5PKH2HE7YJ/LuRPQGvSxBRlFXNQhSetBLlGAgUEu3ug=
github.com/go-openapi/testify/v2 v2.6.0/go.mod h1:SgsVHtfooshd0tublTtJ50FPKhujf47YRqauXXOUxfw=
