github.com/go-openapi/ci-workflows v0.6.0 h1:UA5FL0b6tYEJhZO8yM08DdYTDBjn70AxT+9Wt2qddxo=
github.com/go-openapi/ci-workflows v0.6.0/go.mod h1:s3M+Yzc8hGvTwRp0B6fdXh26x2whpj4Ax7DDrJ9YJM8=
github.com/go-openapi/ci-workflows/sample-monorepo v0.0.0-20260817015704-69ea5ee4c72a h1:a9SCFME0LwyQZil3pRV0JihZxf0UX/P2w4J9BKeaFnM=
github.com/go-openapi/ci-workflows/sample-monorepo v0.0.0-20260817015704-69ea5ee4c72a/go.mod h1:OA9D7MNRmWbauYhFBjAOJhiFkRCe2Lk6h62VwyH0rZ0=
github.com/go-openapi/testify/v2 v2.8.0 h1:19QDx5b57p8KjO2E4sgs/woL4Akp+FGLRlVm2xn0Rho=
github.com/go-openapi/testify/v2 v2.8.0/go.mod h1:4gUN8jC+RqOE2qjW/vDmfyTvl5BCht4qL7oca0odrak=
